// !$*UTF8*$!
{
	archiveVersion = 1;
	classes = {
	};
	objectVersion = 56;
	objects = {

/* Begin PBXBuildFile section */
		A10000010000000000000001 /* YATAApp.swift in Sources */ = {isa = PBXBuildFile; fileRef = A20000010000000000000001 /* YATAApp.swift */; };
		A10000010000000000000002 /* TodoItem.swift in Sources */ = {isa = PBXBuildFile; fileRef = A20000010000000000000002 /* TodoItem.swift */; };
		A10000010000000000000003 /* Priority.swift in Sources */ = {isa = PBXBuildFile; fileRef = A20000010000000000000003 /* Priority.swift */; };
		A10000010000000000000004 /* TodoRepository.swift in Sources */ = {isa = PBXBuildFile; fileRef = A20000010000000000000004 /* TodoRepository.swift */; };
		A10000010000000000000005 /* LocalTodoRepository.swift in Sources */ = {isa = PBXBuildFile; fileRef = A20000010000000000000005 /* LocalTodoRepository.swift */; };
		A10000010000000000000006 /* APITodoRepository.swift in Sources */ = {isa = PBXBuildFile; fileRef = A20000010000000000000006 /* APITodoRepository.swift */; };
		A10000010000000000000007 /* HomeViewModel.swift in Sources */ = {isa = PBXBuildFile; fileRef = A20000010000000000000007 /* HomeViewModel.swift */; };
		A10000010000000000000008 /* HomeView.swift in Sources */ = {isa = PBXBuildFile; fileRef = A20000010000000000000008 /* HomeView.swift */; };
		A10000010000000000000009 /* ContentView.swift in Sources */ = {isa = PBXBuildFile; fileRef = A20000010000000000000009 /* ContentView.swift */; };
		A10000010000000000000010 /* PriorityContainerView.swift in Sources */ = {isa = PBXBuildFile; fileRef = A20000010000000000000010 /* PriorityContainerView.swift */; };
		A10000010000000000000011 /* TodoPillView.swift in Sources */ = {isa = PBXBuildFile; fileRef = A20000010000000000000011 /* TodoPillView.swift */; };
		A10000010000000000000012 /* AddEditSheet.swift in Sources */ = {isa = PBXBuildFile; fileRef = A20000010000000000000012 /* AddEditSheet.swift */; };
		A10000010000000000000013 /* ReminderPickerSheet.swift in Sources */ = {isa = PBXBuildFile; fileRef = A20000010000000000000013 /* ReminderPickerSheet.swift */; };
		A10000010000000000000014 /* DoneSectionView.swift in Sources */ = {isa = PBXBuildFile; fileRef = A20000010000000000000014 /* DoneSectionView.swift */; };
		A10000010000000000000015 /* RepeatingView.swift in Sources */ = {isa = PBXBuildFile; fileRef = A20000010000000000000015 /* RepeatingView.swift */; };
		A10000010000000000000016 /* SettingsView.swift in Sources */ = {isa = PBXBuildFile; fileRef = A20000010000000000000016 /* SettingsView.swift */; };
		A10000010000000000000017 /* YATATheme.swift in Sources */ = {isa = PBXBuildFile; fileRef = A20000010000000000000017 /* YATATheme.swift */; };
		A10000010000000000000018 /* HapticManager.swift in Sources */ = {isa = PBXBuildFile; fileRef = A20000010000000000000018 /* HapticManager.swift */; };
		A10000010000000000000019 /* Assets.xcassets in Resources */ = {isa = PBXBuildFile; fileRef = A20000010000000000000019 /* Assets.xcassets */; };
		A10000010000000000000020 /* RepeatFrequency.swift in Sources */ = {isa = PBXBuildFile; fileRef = A20000010000000000000020 /* RepeatFrequency.swift */; };
		A10000010000000000000021 /* RepeatingItem.swift in Sources */ = {isa = PBXBuildFile; fileRef = A20000010000000000000021 /* RepeatingItem.swift */; };
		A10000010000000000000022 /* RepeatingRepository.swift in Sources */ = {isa = PBXBuildFile; fileRef = A20000010000000000000022 /* RepeatingRepository.swift */; };
		A10000010000000000000023 /* LocalRepeatingRepository.swift in Sources */ = {isa = PBXBuildFile; fileRef = A20000010000000000000023 /* LocalRepeatingRepository.swift */; };
		A10000010000000000000024 /* RepeatingViewModel.swift in Sources */ = {isa = PBXBuildFile; fileRef = A20000010000000000000024 /* RepeatingViewModel.swift */; };
		A10000010000000000000025 /* RepeatingPillView.swift in Sources */ = {isa = PBXBuildFile; fileRef = A20000010000000000000025 /* RepeatingPillView.swift */; };
		A10000010000000000000026 /* RepeatingAddEditSheet.swift in Sources */ = {isa = PBXBuildFile; fileRef = A20000010000000000000026 /* RepeatingAddEditSheet.swift */; };
		A10000010000000000000027 /* ColorSchemePreference.swift in Sources */ = {isa = PBXBuildFile; fileRef = A20000010000000000000027 /* ColorSchemePreference.swift */; };
		A10000010000000000000028 /* AppTab.swift in Sources */ = {isa = PBXBuildFile; fileRef = A20000010000000000000028 /* AppTab.swift */; };
		A10000010000000000000029 /* AddEditMode.swift in Sources */ = {isa = PBXBuildFile; fileRef = A20000010000000000000029 /* AddEditMode.swift */; };
		A10000010000000000000030 /* RepeatingAddEditMode.swift in Sources */ = {isa = PBXBuildFile; fileRef = A20000010000000000000030 /* RepeatingAddEditMode.swift */; };
		A10000010000000000000031 /* Weekday.swift in Sources */ = {isa = PBXBuildFile; fileRef = A20000010000000000000031 /* Weekday.swift */; };
/* End PBXBuildFile section */

/* Begin PBXFileReference section */
		A20000010000000000000001 /* YATAApp.swift */ = {isa = PBXFileReference; lastKnownFileType = sourcecode.swift; path = YATAApp.swift; sourceTree = "<group>"; };
		A20000010000000000000002 /* TodoItem.swift */ = {isa = PBXFileReference; lastKnownFileType = sourcecode.swift; path = TodoItem.swift; sourceTree = "<group>"; };
		A20000010000000000000003 /* Priority.swift */ = {isa = PBXFileReference; lastKnownFileType = sourcecode.swift; path = Priority.swift; sourceTree = "<group>"; };
		A20000010000000000000004 /* TodoRepository.swift */ = {isa = PBXFileReference; lastKnownFileType = sourcecode.swift; path = TodoRepository.swift; sourceTree = "<group>"; };
		A20000010000000000000005 /* LocalTodoRepository.swift */ = {isa = PBXFileReference; lastKnownFileType = sourcecode.swift; path = LocalTodoRepository.swift; sourceTree = "<group>"; };
		A20000010000000000000006 /* APITodoRepository.swift */ = {isa = PBXFileReference; lastKnownFileType = sourcecode.swift; path = APITodoRepository.swift; sourceTree = "<group>"; };
		A20000010000000000000007 /* HomeViewModel.swift */ = {isa = PBXFileReference; lastKnownFileType = sourcecode.swift; path = HomeViewModel.swift; sourceTree = "<group>"; };
		A20000010000000000000008 /* HomeView.swift */ = {isa = PBXFileReference; lastKnownFileType = sourcecode.swift; path = HomeView.swift; sourceTree = "<group>"; };
		A20000010000000000000009 /* ContentView.swift */ = {isa = PBXFileReference; lastKnownFileType = sourcecode.swift; path = ContentView.swift; sourceTree = "<group>"; };
		A20000010000000000000010 /* PriorityContainerView.swift */ = {isa = PBXFileReference; lastKnownFileType = sourcecode.swift; path = PriorityContainerView.swift; sourceTree = "<group>"; };
		A20000010000000000000011 /* TodoPillView.swift */ = {isa = PBXFileReference; lastKnownFileType = sourcecode.swift; path = TodoPillView.swift; sourceTree = "<group>"; };
		A20000010000000000000012 /* AddEditSheet.swift */ = {isa = PBXFileReference; lastKnownFileType = sourcecode.swift; path = AddEditSheet.swift; sourceTree = "<group>"; };
		A20000010000000000000013 /* ReminderPickerSheet.swift */ = {isa = PBXFileReference; lastKnownFileType = sourcecode.swift; path = ReminderPickerSheet.swift; sourceTree = "<group>"; };
		A20000010000000000000014 /* DoneSectionView.swift */ = {isa = PBXFileReference; lastKnownFileType = sourcecode.swift; path = DoneSectionView.swift; sourceTree = "<group>"; };
		A20000010000000000000015 /* RepeatingView.swift */ = {isa = PBXFileReference; lastKnownFileType = sourcecode.swift; path = RepeatingView.swift; sourceTree = "<group>"; };
		A20000010000000000000016 /* SettingsView.swift */ = {isa = PBXFileReference; lastKnownFileType = sourcecode.swift; path = SettingsView.swift; sourceTree = "<group>"; };
		A20000010000000000000017 /* YATATheme.swift */ = {isa = PBXFileReference; lastKnownFileType = sourcecode.swift; path = YATATheme.swift; sourceTree = "<group>"; };
		A20000010000000000000018 /* HapticManager.swift */ = {isa = PBXFileReference; lastKnownFileType = sourcecode.swift; path = HapticManager.swift; sourceTree = "<group>"; };
		A20000010000000000000019 /* Assets.xcassets */ = {isa = PBXFileReference; lastKnownFileType = folder.assetcatalog; path = Assets.xcassets; sourceTree = "<group>"; };
		A20000010000000000000020 /* RepeatFrequency.swift */ = {isa = PBXFileReference; lastKnownFileType = sourcecode.swift; path = RepeatFrequency.swift; sourceTree = "<group>"; };
		A20000010000000000000021 /* RepeatingItem.swift */ = {isa = PBXFileReference; lastKnownFileType = sourcecode.swift; path = RepeatingItem.swift; sourceTree = "<group>"; };
		A20000010000000000000022 /* RepeatingRepository.swift */ = {isa = PBXFileReference; lastKnownFileType = sourcecode.swift; path = RepeatingRepository.swift; sourceTree = "<group>"; };
		A20000010000000000000023 /* LocalRepeatingRepository.swift */ = {isa = PBXFileReference; lastKnownFileType = sourcecode.swift; path = LocalRepeatingRepository.swift; sourceTree = "<group>"; };
		A20000010000000000000024 /* RepeatingViewModel.swift */ = {isa = PBXFileReference; lastKnownFileType = sourcecode.swift; path = RepeatingViewModel.swift; sourceTree = "<group>"; };
		A20000010000000000000025 /* RepeatingPillView.swift */ = {isa = PBXFileReference; lastKnownFileType = sourcecode.swift; path = RepeatingPillView.swift; sourceTree = "<group>"; };
		A20000010000000000000026 /* RepeatingAddEditSheet.swift */ = {isa = PBXFileReference; lastKnownFileType = sourcecode.swift; path = RepeatingAddEditSheet.swift; sourceTree = "<group>"; };
		A20000010000000000000027 /* ColorSchemePreference.swift */ = {isa = PBXFileReference; lastKnownFileType = sourcecode.swift; path = ColorSchemePreference.swift; sourceTree = "<group>"; };
		A20000010000000000000028 /* AppTab.swift */ = {isa = PBXFileReference; lastKnownFileType = sourcecode.swift; path = AppTab.swift; sourceTree = "<group>"; };
		A20000010000000000000029 /* AddEditMode.swift */ = {isa = PBXFileReference; lastKnownFileType = sourcecode.swift; path = AddEditMode.swift; sourceTree = "<group>"; };
		A20000010000000000000030 /* RepeatingAddEditMode.swift */ = {isa = PBXFileReference; lastKnownFileType = sourcecode.swift; path = RepeatingAddEditMode.swift; sourceTree = "<group>"; };
		A20000010000000000000031 /* Weekday.swift */ = {isa = PBXFileReference; lastKnownFileType = sourcecode.swift; path = Weekday.swift; sourceTree = "<group>"; };
		A30000010000000000000001 /* YATA.app */ = {isa = PBXFileReference; explicitFileType = wrapper.application; includeInIndex = 0; path = YATA.app; sourceTree = BUILT_PRODUCTS_DIR; };
/* End PBXFileReference section */

/* Begin PBXFrameworksBuildPhase section */
		A40000010000000000000001 /* Frameworks */ = {
			isa = PBXFrameworksBuildPhase;
			buildActionMask = 2147483647;
			files = (
			);
			runOnlyForDeploymentPostprocessing = 0;
		};
/* End PBXFrameworksBuildPhase section */

/* Begin PBXGroup section */
		A50000010000000000000001 = {
			isa = PBXGroup;
			children = (
				A50000010000000000000002 /* YATA */,
				A50000010000000000000009 /* Products */,
			);
			sourceTree = "<group>";
		};
		A50000010000000000000002 /* YATA */ = {
			isa = PBXGroup;
			children = (
				A20000010000000000000001 /* YATAApp.swift */,
				A50000010000000000000003 /* Models */,
				A50000010000000000000004 /* Repository */,
				A50000010000000000000005 /* ViewModels */,
				A50000010000000000000006 /* Views */,
				A50000010000000000000007 /* Theme */,
				A50000010000000000000008 /* Utilities */,
				A20000010000000000000019 /* Assets.xcassets */,
			);
			path = YATA;
			sourceTree = "<group>";
		};
		A50000010000000000000003 /* Models */ = {
			isa = PBXGroup;
			children = (
				A20000010000000000000002 /* TodoItem.swift */,
				A20000010000000000000003 /* Priority.swift */,
				A20000010000000000000020 /* RepeatFrequency.swift */,
				A20000010000000000000021 /* RepeatingItem.swift */,
				A20000010000000000000027 /* ColorSchemePreference.swift */,
				A20000010000000000000028 /* AppTab.swift */,
				A20000010000000000000029 /* AddEditMode.swift */,
				A20000010000000000000030 /* RepeatingAddEditMode.swift */,
				A20000010000000000000031 /* Weekday.swift */,
			);
			path = Models;
			sourceTree = "<group>";
		};
		A50000010000000000000004 /* Repository */ = {
			isa = PBXGroup;
			children = (
				A20000010000000000000004 /* TodoRepository.swift */,
				A20000010000000000000005 /* LocalTodoRepository.swift */,
				A20000010000000000000006 /* APITodoRepository.swift */,
				A20000010000000000000022 /* RepeatingRepository.swift */,
				A20000010000000000000023 /* LocalRepeatingRepository.swift */,
			);
			path = Repository;
			sourceTree = "<group>";
		};
		A50000010000000000000005 /* ViewModels */ = {
			isa = PBXGroup;
			children = (
				A20000010000000000000007 /* HomeViewModel.swift */,
				A20000010000000000000024 /* RepeatingViewModel.swift */,
			);
			path = ViewModels;
			sourceTree = "<group>";
		};
		A50000010000000000000006 /* Views */ = {
			isa = PBXGroup;
			children = (
				A20000010000000000000008 /* HomeView.swift */,
				A20000010000000000000009 /* ContentView.swift */,
				A20000010000000000000010 /* PriorityContainerView.swift */,
				A20000010000000000000011 /* TodoPillView.swift */,
				A20000010000000000000012 /* AddEditSheet.swift */,
				A20000010000000000000013 /* ReminderPickerSheet.swift */,
				A20000010000000000000014 /* DoneSectionView.swift */,
				A20000010000000000000015 /* RepeatingView.swift */,
				A20000010000000000000016 /* SettingsView.swift */,
				A20000010000000000000025 /* RepeatingPillView.swift */,
				A20000010000000000000026 /* RepeatingAddEditSheet.swift */,
			);
			path = Views;
			sourceTree = "<group>";
		};
		A50000010000000000000007 /* Theme */ = {
			isa = PBXGroup;
			children = (
				A20000010000000000000017 /* YATATheme.swift */,
			);
			path = Theme;
			sourceTree = "<group>";
		};
		A50000010000000000000008 /* Utilities */ = {
			isa = PBXGroup;
			children = (
				A20000010000000000000018 /* HapticManager.swift */,
			);
			path = Utilities;
			sourceTree = "<group>";
		};
		A50000010000000000000009 /* Products */ = {
			isa = PBXGroup;
			children = (
				A30000010000000000000001 /* YATA.app */,
			);
			name = Products;
			sourceTree = "<group>";
		};
/* End PBXGroup section */

/* Begin PBXNativeTarget section */
		A60000010000000000000001 /* YATA */ = {
			isa = PBXNativeTarget;
			buildConfigurationList = A80000010000000000000003 /* Build configuration list for PBXNativeTarget "YATA" */;
			buildPhases = (
				A70000010000000000000001 /* Sources */,
				A40000010000000000000001 /* Frameworks */,
				A70000010000000000000002 /* Resources */,
			);
			buildRules = (
			);
			dependencies = (
			);
			name = YATA;
			productName = YATA;
			productReference = A30000010000000000000001 /* YATA.app */;
			productType = "com.apple.product-type.application";
		};
/* End PBXNativeTarget section */

/* Begin PBXProject section */
		A90000010000000000000001 /* Project object */ = {
			isa = PBXProject;
			attributes = {
				BuildIndependentTargetsInParallel = 1;
				LastSwiftUpdateCheck = 1540;
				LastUpgradeCheck = 2630;
				TargetAttributes = {
					A60000010000000000000001 = {
						CreatedOnToolsVersion = 15.4;
					};
				};
			};
			buildConfigurationList = A80000010000000000000001 /* Build configuration list for PBXProject "YATA" */;
			compatibilityVersion = "Xcode 14.0";
			developmentRegion = en;
			hasScannedForEncodings = 0;
			knownRegions = (
				en,
				Base,
			);
			mainGroup = A50000010000000000000001;
			productRefGroup = A50000010000000000000009 /* Products */;
			projectDirPath = "";
			projectRoot = "";
			targets = (
				A60000010000000000000001 /* YATA */,
			);
		};
/* End PBXProject section */

/* Begin PBXResourcesBuildPhase section */
		A70000010000000000000002 /* Resources */ = {
			isa = PBXResourcesBuildPhase;
			buildActionMask = 2147483647;
			files = (
				A10000010000000000000019 /* Assets.xcassets in Resources */,
			);
			runOnlyForDeploymentPostprocessing = 0;
		};
/* End PBXResourcesBuildPhase section */

/* Begin PBXSourcesBuildPhase section */
		A70000010000000000000001 /* Sources */ = {
			isa = PBXSourcesBuildPhase;
			buildActionMask = 2147483647;
			files = (
				A10000010000000000000001 /* YATAApp.swift in Sources */,
				A10000010000000000000002 /* TodoItem.swift in Sources */,
				A10000010000000000000003 /* Priority.swift in Sources */,
				A10000010000000000000004 /* TodoRepository.swift in Sources */,
				A10000010000000000000005 /* LocalTodoRepository.swift in Sources */,
				A10000010000000000000006 /* APITodoRepository.swift in Sources */,
				A10000010000000000000007 /* HomeViewModel.swift in Sources */,
				A10000010000000000000008 /* HomeView.swift in Sources */,
				A10000010000000000000009 /* ContentView.swift in Sources */,
				A10000010000000000000010 /* PriorityContainerView.swift in Sources */,
				A10000010000000000000011 /* TodoPillView.swift in Sources */,
				A10000010000000000000012 /* AddEditSheet.swift in Sources */,
				A10000010000000000000013 /* ReminderPickerSheet.swift in Sources */,
				A10000010000000000000014 /* DoneSectionView.swift in Sources */,
				A10000010000000000000015 /* RepeatingView.swift in Sources */,
				A10000010000000000000016 /* SettingsView.swift in Sources */,
				A10000010000000000000017 /* YATATheme.swift in Sources */,
				A10000010000000000000018 /* HapticManager.swift in Sources */,
				A10000010000000000000020 /* RepeatFrequency.swift in Sources */,
				A10000010000000000000021 /* RepeatingItem.swift in Sources */,
				A10000010000000000000022 /* RepeatingRepository.swift in Sources */,
				A10000010000000000000023 /* LocalRepeatingRepository.swift in Sources */,
				A10000010000000000000024 /* RepeatingViewModel.swift in Sources */,
				A10000010000000000000025 /* RepeatingPillView.swift in Sources */,
				A10000010000000000000026 /* RepeatingAddEditSheet.swift in Sources */,
				A10000010000000000000027 /* ColorSchemePreference.swift in Sources */,
				A10000010000000000000028 /* AppTab.swift in Sources */,
				A10000010000000000000029 /* AddEditMode.swift in Sources */,
				A10000010000000000000030 /* RepeatingAddEditMode.swift in Sources */,
				A10000010000000000000031 /* Weekday.swift in Sources */,
			);
			runOnlyForDeploymentPostprocessing = 0;
		};
/* End PBXSourcesBuildPhase section */

/* Begin XCBuildConfiguration section */
		AA000001000000000000001 /* Debug */ = {
			isa = XCBuildConfiguration;
			buildSettings = {
				ALWAYS_SEARCH_USER_PATHS = NO;
				ASSETCATALOG_COMPILER_GENERATE_SWIFT_ASSET_SYMBOL_EXTENSIONS = YES;
				CLANG_ANALYZER_NONNULL = YES;
				CLANG_ANALYZER_NUMBER_OBJECT_CONVERSION = YES_AGGRESSIVE;
				CLANG_CXX_LANGUAGE_STANDARD = "gnu++20";
				CLANG_ENABLE_MODULES = YES;
				CLANG_ENABLE_OBJC_ARC = YES;
				CLANG_ENABLE_OBJC_WEAK = YES;
				CLANG_WARN_BLOCK_CAPTURE_AUTORELEASING = YES;
				CLANG_WARN_BOOL_CONVERSION = YES;
				CLANG_WARN_COMMA = YES;
				CLANG_WARN_CONSTANT_CONVERSION = YES;
				CLANG_WARN_DEPRECATED_OBJC_IMPLEMENTATIONS = YES;
				CLANG_WARN_DIRECT_OBJC_ISA_USAGE = YES_ERROR;
				CLANG_WARN_DOCUMENTATION_COMMENTS = YES;
				CLANG_WARN_EMPTY_BODY = YES;
				CLANG_WARN_ENUM_CONVERSION = YES;
				CLANG_WARN_INFINITE_RECURSION = YES;
				CLANG_WARN_INT_CONVERSION = YES;
				CLANG_WARN_NON_LITERAL_NULL_CONVERSION = YES;
				CLANG_WARN_OBJC_IMPLICIT_RETAIN_SELF = YES;
				CLANG_WARN_OBJC_LITERAL_CONVERSION = YES;
				CLANG_WARN_OBJC_ROOT_CLASS = YES_ERROR;
				CLANG_WARN_QUOTED_INCLUDE_IN_FRAMEWORK_HEADER = YES;
				CLANG_WARN_RANGE_LOOP_ANALYSIS = YES;
				CLANG_WARN_STRICT_PROTOTYPES = YES;
				CLANG_WARN_SUSPICIOUS_MOVE = YES;
				CLANG_WARN_UNGUARDED_AVAILABILITY = YES_AGGRESSIVE;
				CLANG_WARN_UNREACHABLE_CODE = YES;
				CLANG_WARN__DUPLICATE_METHOD_MATCH = YES;
				COPY_PHASE_STRIP = NO;
				DEBUG_INFORMATION_FORMAT = dwarf;
				DEVELOPMENT_TEAM = Q84RXWDZD7;
				ENABLE_STRICT_OBJC_MSGSEND = YES;
				ENABLE_TESTABILITY = YES;
				ENABLE_USER_SCRIPT_SANDBOXING = YES;
				GCC_C_LANGUAGE_STANDARD = gnu17;
				GCC_DYNAMIC_NO_PIC = NO;
				GCC_NO_COMMON_BLOCKS = YES;
				GCC_OPTIMIZATION_LEVEL = 0;
				GCC_PREPROCESSOR_DEFINITIONS = (
					"DEBUG=1",
					"$(inherited)",
				);
				GCC_WARN_64_TO_32_BIT_CONVERSION = YES;
				GCC_WARN_ABOUT_RETURN_TYPE = YES_ERROR;
				GCC_WARN_UNDECLARED_SELECTOR = YES;
				GCC_WARN_UNINITIALIZED_AUTOS = YES_AGGRESSIVE;
				GCC_WARN_UNUSED_FUNCTION = YES;
				GCC_WARN_UNUSED_VARIABLE = YES;
				IPHONEOS_DEPLOYMENT_TARGET = 18.0;
				MTL_ENABLE_DEBUG_INFO = INCLUDE_SOURCE;
				MTL_FAST_MATH = YES;
				ONLY_ACTIVE_ARCH = YES;
				SDKROOT = iphoneos;
				STRING_CATALOG_GENERATE_SYMBOLS = YES;
				SWIFT_ACTIVE_COMPILATION_CONDITIONS = "DEBUG $(inherited)";
				SWIFT_OPTIMIZATION_LEVEL = "-Onone";
				SWIFT_VERSION = 5.0;
			};
			name = Debug;
		};
		AA000001000000000000002 /* Release */ = {
			isa = XCBuildConfiguration;
			buildSettings = {
				ALWAYS_SEARCH_USER_PATHS = NO;
				ASSETCATALOG_COMPILER_GENERATE_SWIFT_ASSET_SYMBOL_EXTENSIONS = YES;
				CLANG_ANALYZER_NONNULL = YES;
				CLANG_ANALYZER_NUMBER_OBJECT_CONVERSION = YES_AGGRESSIVE;
				CLANG_CXX_LANGUAGE_STANDARD = "gnu++20";
				CLANG_ENABLE_MODULES = YES;
				CLANG_ENABLE_OBJC_ARC = YES;
				CLANG_ENABLE_OBJC_WEAK = YES;
				CLANG_WARN_BLOCK_CAPTURE_AUTORELEASING = YES;
				CLANG_WARN_BOOL_CONVERSION = YES;
				CLANG_WARN_COMMA = YES;
				CLANG_WARN_CONSTANT_CONVERSION = YES;
				CLANG_WARN_DEPRECATED_OBJC_IMPLEMENTATIONS = YES;
				CLANG_WARN_DIRECT_OBJC_ISA_USAGE = YES_ERROR;
				CLANG_WARN_DOCUMENTATION_COMMENTS = YES;
				CLANG_WARN_EMPTY_BODY = YES;
				CLANG_WARN_ENUM_CONVERSION = YES;
				CLANG_WARN_INFINITE_RECURSION = YES;
				CLANG_WARN_INT_CONVERSION = YES;
				CLANG_WARN_NON_LITERAL_NULL_CONVERSION = YES;
				CLANG_WARN_OBJC_IMPLICIT_RETAIN_SELF = YES;
				CLANG_WARN_OBJC_LITERAL_CONVERSION = YES;
				CLANG_WARN_OBJC_ROOT_CLASS = YES_ERROR;
				CLANG_WARN_QUOTED_INCLUDE_IN_FRAMEWORK_HEADER = YES;
				CLANG_WARN_RANGE_LOOP_ANALYSIS = YES;
				CLANG_WARN_STRICT_PROTOTYPES = YES;
				CLANG_WARN_SUSPICIOUS_MOVE = YES;
				CLANG_WARN_UNGUARDED_AVAILABILITY = YES_AGGRESSIVE;
				CLANG_WARN_UNREACHABLE_CODE = YES;
				CLANG_WARN__DUPLICATE_METHOD_MATCH = YES;
				COPY_PHASE_STRIP = NO;
				DEBUG_INFORMATION_FORMAT = "dwarf-with-dsym";
				DEVELOPMENT_TEAM = Q84RXWDZD7;
				ENABLE_NS_ASSERTIONS = NO;
				ENABLE_STRICT_OBJC_MSGSEND = YES;
				ENABLE_USER_SCRIPT_SANDBOXING = YES;
				GCC_C_LANGUAGE_STANDARD = gnu17;
				GCC_NO_COMMON_BLOCKS = YES;
				GCC_WARN_64_TO_32_BIT_CONVERSION = YES;
				GCC_WARN_ABOUT_RETURN_TYPE = YES_ERROR;
				GCC_WARN_UNDECLARED_SELECTOR = YES;
				GCC_WARN_UNINITIALIZED_AUTOS = YES_AGGRESSIVE;
				GCC_WARN_UNUSED_FUNCTION = YES;
				GCC_WARN_UNUSED_VARIABLE = YES;
				IPHONEOS_DEPLOYMENT_TARGET = 18.0;
				MTL_FAST_MATH = YES;
				SDKROOT = iphoneos;
				STRING_CATALOG_GENERATE_SYMBOLS = YES;
				SWIFT_COMPILATION_MODE = wholemodule;
				SWIFT_VERSION = 5.0;
				VALIDATE_PRODUCT = YES;
			};
			name = Release;
		};
		AA000001000000000000003 /* Debug */ = {
			isa = XCBuildConfiguration;
			buildSettings = {
				ASSETCATALOG_COMPILER_APPICON_NAME = AppIcon;
				ASSETCATALOG_COMPILER_GLOBAL_ACCENT_COLOR_NAME = AccentColor;
				CODE_SIGN_STYLE = Automatic;
				CURRENT_PROJECT_VERSION = 1;
				GENERATE_INFOPLIST_FILE = YES;
				INFOPLIST_KEY_CFBundleDisplayName = YATA;
				INFOPLIST_KEY_UIApplicationSceneManifest_Generation = YES;
				INFOPLIST_KEY_UIApplicationSupportsIndirectInputEvents = YES;
				INFOPLIST_KEY_UILaunchScreen_Generation = YES;
				INFOPLIST_KEY_UISupportedInterfaceOrientations_iPad = "UIInterfaceOrientationPortrait UIInterfaceOrientationPortraitUpsideDown UIInterfaceOrientationLandscapeLeft UIInterfaceOrientationLandscapeRight";
				INFOPLIST_KEY_UISupportedInterfaceOrientations_iPhone = "UIInterfaceOrientationPortrait UIInterfaceOrientationLandscapeLeft UIInterfaceOrientationLandscapeRight";
				LD_RUNPATH_SEARCH_PATHS = (
					"$(inherited)",
					"@executable_path/Frameworks",
				);
				MARKETING_VERSION = 1.0;
				PRODUCT_BUNDLE_IDENTIFIER = com.aravindhsampath.yata;
				PRODUCT_NAME = "$(TARGET_NAME)";
				SUPPORTED_PLATFORMS = "iphoneos iphonesimulator";
				SUPPORTS_MACCATALYST = NO;
				SWIFT_EMIT_LOC_STRINGS = YES;
				SWIFT_VERSION = 5.0;
				TARGETED_DEVICE_FAMILY = "1,2";
			};
			name = Debug;
		};
		AA000001000000000000004 /* Release */ = {
			isa = XCBuildConfiguration;
			buildSettings = {
				ASSETCATALOG_COMPILER_APPICON_NAME = AppIcon;
				ASSETCATALOG_COMPILER_GLOBAL_ACCENT_COLOR_NAME = AccentColor;
				CODE_SIGN_STYLE = Automatic;
				CURRENT_PROJECT_VERSION = 1;
				GENERATE_INFOPLIST_FILE = YES;
				INFOPLIST_KEY_CFBundleDisplayName = YATA;
				INFOPLIST_KEY_UIApplicationSceneManifest_Generation = YES;
				INFOPLIST_KEY_UIApplicationSupportsIndirectInputEvents = YES;
				INFOPLIST_KEY_UILaunchScreen_Generation = YES;
				INFOPLIST_KEY_UISupportedInterfaceOrientations_iPad = "UIInterfaceOrientationPortrait UIInterfaceOrientationPortraitUpsideDown UIInterfaceOrientationLandscapeLeft UIInterfaceOrientationLandscapeRight";
				INFOPLIST_KEY_UISupportedInterfaceOrientations_iPhone = "UIInterfaceOrientationPortrait UIInterfaceOrientationLandscapeLeft UIInterfaceOrientationLandscapeRight";
				LD_RUNPATH_SEARCH_PATHS = (
					"$(inherited)",
					"@executable_path/Frameworks",
				);
				MARKETING_VERSION = 1.0;
				PRODUCT_BUNDLE_IDENTIFIER = com.aravindhsampath.yata;
				PRODUCT_NAME = "$(TARGET_NAME)";
				SUPPORTED_PLATFORMS = "iphoneos iphonesimulator";
				SUPPORTS_MACCATALYST = NO;
				SWIFT_EMIT_LOC_STRINGS = YES;
				SWIFT_VERSION = 5.0;
				TARGETED_DEVICE_FAMILY = "1,2";
			};
			name = Release;
		};
/* End XCBuildConfiguration section */

/* Begin XCConfigurationList section */
		A80000010000000000000001 /* Build configuration list for PBXProject "YATA" */ = {
			isa = XCConfigurationList;
			buildConfigurations = (
				AA000001000000000000001 /* Debug */,
				AA000001000000000000002 /* Release */,
			);
			defaultConfigurationIsVisible = 0;
			defaultConfigurationName = Release;
		};
		A80000010000000000000003 /* Build configuration list for PBXNativeTarget "YATA" */ = {
			isa = XCConfigurationList;
			buildConfigurations = (
				AA000001000000000000003 /* Debug */,
				AA000001000000000000004 /* Release */,
			);
			defaultConfigurationIsVisible = 0;
			defaultConfigurationName = Release;
		};
/* End XCConfigurationList section */
	};
	rootObject = A90000010000000000000001 /* Project object */;
}
